
Microsoft Visual Studio Solution File, Format Version 12.00
# Visual Studio 2013
VisualStudioVersion = 12.0.40629.0
MinimumVisualStudioVersion = 10.0.40219.1
Project("{FAE04EC0-301F-11D3-BF4B-00C04F79EFBC}") = "TourTravels.Entities", "TourTravels.Entities\TourTravels.Entities.csproj", "{D9449B98-7697-467B-8F03-302C60F81755}"
EndProject
Project("{FAE04EC0-301F-11D3-BF4B-00C04F79EFBC}") = "TourTravels.API", "TourTravels.API\TourTravels.API.csproj", "{14D7B269-37B0-4D23-AF8D-14CD226954A6}"
EndProject
Global
	GlobalSection(SubversionScc) = preSolution
		Svn-Managed = True
		Manager = AnkhSVN - Subversion Support for Visual Studio
	EndGlobalSection
	GlobalSection(SolutionConfigurationPlatforms) = preSolution
		Debug|Any CPU = Debug|Any CPU
		Release|Any CPU = Release|Any CPU
	EndGlobalSection
	GlobalSection(ProjectConfigurationPlatforms) = postSolution
		{D9449B98-7697-467B-8F03-302C60F81755}.Debug|Any CPU.ActiveCfg = Debug|Any CPU
		{D9449B98-7697-467B-8F03-302C60F81755}.Debug|Any CPU.Build.0 = Debug|Any CPU
		{D9449B98-7697-467B-8F03-302C60F81755}.Release|Any CPU.ActiveCfg = Release|Any CPU
		{D9449B98-7697-467B-8F03-302C60F81755}.Release|Any CPU.Build.0 = Release|Any CPU
		{14D7B269-37B0-4D23-AF8D-14CD226954A6}.Debug|Any CPU.ActiveCfg = Debug|Any CPU
		{14D7B269-37B0-4D23-AF8D-14CD226954A6}.Debug|Any CPU.Build.0 = Debug|Any CPU
		{14D7B269-37B0-4D23-AF8D-14CD226954A6}.Release|Any CPU.ActiveCfg = Release|Any CPU
		{14D7B269-37B0-4D23-AF8D-14CD226954A6}.Release|Any CPU.Build.0 = Release|Any CPU
	EndGlobalSection
	GlobalSection(SolutionProperties) = preSolution
		HideSolutionNode = FALSE
	EndGlobalSection
EndGlobal
